
Microsoft Visual Studio Solution File, Format Version 12.00
# Visual Studio Version 17
VisualStudioVersion = 17.11.35312.102
MinimumVisualStudioVersion = 10.0.40219.1
Project("{FAE04EC0-301F-11D3-BF4B-00C04F79EFBC}") = "TinyThreadsDelivery", "TinhyThreadsDelivery\TinyThreadsDelivery.csproj", "{C61AE01D-019C-43F4-806C-DA863FE8F329}"
EndProject
Global
	GlobalSection(SolutionConfigurationPlatforms) = preSolution
		Debug|Any CPU = Debug|Any CPU
		Release|Any CPU = Release|Any CPU
	EndGlobalSection
	GlobalSection(ProjectConfigurationPlatforms) = postSolution
		{C61AE01D-019C-43F4-806C-DA863FE8F329}.Debug|Any CPU.ActiveCfg = Debug|Any CPU
		{C61AE01D-019C-43F4-806C-DA863FE8F329}.Debug|Any CPU.Build.0 = Debug|Any CPU
		{C61AE01D-019C-43F4-806C-DA863FE8F329}.Release|Any CPU.ActiveCfg = Release|Any CPU
		{C61AE01D-019C-43F4-806C-DA863FE8F329}.Release|Any CPU.Build.0 = Release|Any CPU
	EndGlobalSection
	GlobalSection(SolutionProperties) = preSolution
		HideSolutionNode = FALSE
	EndGlobalSection
	GlobalSection(ExtensibilityGlobals) = postSolution
		SolutionGuid = {EC2452A5-7988-4F7E-B2A8-CBEF4D925874}
	EndGlobalSection
EndGlobal
